
Microsoft Visual Studio Solution File, Format Version 12.00
# Visual Studio Version 18
VisualStudioVersion = 18.6.11716.218 insiders
MinimumVisualStudioVersion = 10.0.40219.1
Project("{2150E333-8FDC-42A3-9474-1A3956D46DE8}") = "WebApiLumina", "WebApiLumina", "{29D8FDB7-520C-4A1A-BFAF-0C3078447D31}"
EndProject
Project("{FAE04EC0-301F-11D3-BF4B-00C04F79EFBC}") = "Lumina.Data", "Lumina.Data\Lumina.Data.csproj", "{36C0CEA3-2DBC-4A10-9DEE-B1CBEC5BDC42}"
EndProject
Project("{2150E333-8FDC-42A3-9474-1A3956D46DE8}") = "Data", "Data", "{162FDDA5-2544-40B8-A1F8-511679525CCF}"
EndProject
Project("{2150E333-8FDC-42A3-9474-1A3956D46DE8}") = "Services", "Services", "{37E399E1-2B6F-4363-A54B-69690508FB88}"
EndProject
Project("{FAE04EC0-301F-11D3-BF4B-00C04F79EFBC}") = "Lumina.Services.Core", "Lumina.Services.Core\Lumina.Services.Core.csproj", "{18FC3F71-ED97-48EB-AF8C-D70AE5490986}"
EndProject
Project("{FAE04EC0-301F-11D3-BF4B-00C04F79EFBC}") = "Lumina.Data.Common", "Lumina.Data.Common\Lumina.Data.Common.csproj", "{4F8B7E4D-1137-4E53-8C05-CB9A4CB2EC29}"
EndProject
Project("{FAE04EC0-301F-11D3-BF4B-00C04F79EFBC}") = "Lumina.Service.Common", "Lumina.Service.Common\Lumina.Service.Common.csproj", "{67F6FA29-7212-4F48-BA0B-169E8FE3339E}"
EndProject
Project("{FAE04EC0-301F-11D3-BF4B-00C04F79EFBC}") = "ApiLumina", "ApiLumina\ApiLumina.csproj", "{67AE5EE0-6E98-47B3-99BF-1AFFAB5B7C61}"
EndProject
Project("{FAE04EC0-301F-11D3-BF4B-00C04F79EFBC}") = "Lumina.Common", "Lumina.Common\Lumina.Common.csproj", "{B9E2D2CC-D18E-4E0D-9926-8DACED76F228}"
EndProject
Project("{FAE04EC0-301F-11D3-BF4B-00C04F79EFBC}") = "Lumina.Data.Models", "Lumina.Data.Models\Lumina.Data.Models.csproj", "{B35AFA8E-A5E2-4BFA-B9BC-04E799896CAB}"
EndProject
Project("{FAE04EC0-301F-11D3-BF4B-00C04F79EFBC}") = "Lumina.Worker", "Lumina.Worker\Lumina.Worker.csproj", "{74EEE07A-360F-4EB0-809E-36EA328FB55A}"
EndProject
Global
	GlobalSection(SolutionConfigurationPlatforms) = preSolution
		Debug|Any CPU = Debug|Any CPU
		Release|Any CPU = Release|Any CPU
	EndGlobalSection
	GlobalSection(ProjectConfigurationPlatforms) = postSolution
		{36C0CEA3-2DBC-4A10-9DEE-B1CBEC5BDC42}.Debug|Any CPU.ActiveCfg = Debug|Any CPU
		{36C0CEA3-2DBC-4A10-9DEE-B1CBEC5BDC42}.Debug|Any CPU.Build.0 = Debug|Any CPU
		{36C0CEA3-2DBC-4A10-9DEE-B1CBEC5BDC42}.Release|Any CPU.ActiveCfg = Release|Any CPU
		{36C0CEA3-2DBC-4A10-9DEE-B1CBEC5BDC42}.Release|Any CPU.Build.0 = Release|Any CPU
		{18FC3F71-ED97-48EB-AF8C-D70AE5490986}.Debug|Any CPU.ActiveCfg = Debug|Any CPU
		{18FC3F71-ED97-48EB-AF8C-D70AE5490986}.Debug|Any CPU.Build.0 = Debug|Any CPU
		{18FC3F71-ED97-48EB-AF8C-D70AE5490986}.Release|Any CPU.ActiveCfg = Release|Any CPU
		{18FC3F71-ED97-48EB-AF8C-D70AE5490986}.Release|Any CPU.Build.0 = Release|Any CPU
		{4F8B7E4D-1137-4E53-8C05-CB9A4CB2EC29}.Debug|Any CPU.ActiveCfg = Debug|Any CPU
		{4F8B7E4D-1137-4E53-8C05-CB9A4CB2EC29}.Debug|Any CPU.Build.0 = Debug|Any CPU
		{4F8B7E4D-1137-4E53-8C05-CB9A4CB2EC29}.Release|Any CPU.ActiveCfg = Release|Any CPU
		{4F8B7E4D-1137-4E53-8C05-CB9A4CB2EC29}.Release|Any CPU.Build.0 = Release|Any CPU
		{67F6FA29-7212-4F48-BA0B-169E8FE3339E}.Debug|Any CPU.ActiveCfg = Debug|Any CPU
		{67F6FA29-7212-4F48-BA0B-169E8FE3339E}.Debug|Any CPU.Build.0 = Debug|Any CPU
		{67F6FA29-7212-4F48-BA0B-169E8FE3339E}.Release|Any CPU.ActiveCfg = Release|Any CPU
		{67F6FA29-7212-4F48-BA0B-169E8FE3339E}.Release|Any CPU.Build.0 = Release|Any CPU
		{67AE5EE0-6E98-47B3-99BF-1AFFAB5B7C61}.Debug|Any CPU.ActiveCfg = Debug|Any CPU
		{67AE5EE0-6E98-47B3-99BF-1AFFAB5B7C61}.Debug|Any CPU.Build.0 = Debug|Any CPU
		{67AE5EE0-6E98-47B3-99BF-1AFFAB5B7C61}.Release|Any CPU.ActiveCfg = Release|Any CPU
		{67AE5EE0-6E98-47B3-99BF-1AFFAB5B7C61}.Release|Any CPU.Build.0 = Release|Any CPU
		{B9E2D2CC-D18E-4E0D-9926-8DACED76F228}.Debug|Any CPU.ActiveCfg = Debug|Any CPU
		{B9E2D2CC-D18E-4E0D-9926-8DACED76F228}.Debug|Any CPU.Build.0 = Debug|Any CPU
		{B9E2D2CC-D18E-4E0D-9926-8DACED76F228}.Release|Any CPU.ActiveCfg = Release|Any CPU
		{B9E2D2CC-D18E-4E0D-9926-8DACED76F228}.Release|Any CPU.Build.0 = Release|Any CPU
		{B35AFA8E-A5E2-4BFA-B9BC-04E799896CAB}.Debug|Any CPU.ActiveCfg = Debug|Any CPU
		{B35AFA8E-A5E2-4BFA-B9BC-04E799896CAB}.Debug|Any CPU.Build.0 = Debug|Any CPU
		{B35AFA8E-A5E2-4BFA-B9BC-04E799896CAB}.Release|Any CPU.ActiveCfg = Release|Any CPU
		{B35AFA8E-A5E2-4BFA-B9BC-04E799896CAB}.Release|Any CPU.Build.0 = Release|Any CPU
		{74EEE07A-360F-4EB0-809E-36EA328FB55A}.Debug|Any CPU.ActiveCfg = Debug|Any CPU
		{74EEE07A-360F-4EB0-809E-36EA328FB55A}.Debug|Any CPU.Build.0 = Debug|Any CPU
		{74EEE07A-360F-4EB0-809E-36EA328FB55A}.Release|Any CPU.ActiveCfg = Release|Any CPU
		{74EEE07A-360F-4EB0-809E-36EA328FB55A}.Release|Any CPU.Build.0 = Release|Any CPU
	EndGlobalSection
	GlobalSection(SolutionProperties) = preSolution
		HideSolutionNode = FALSE
	EndGlobalSection
	GlobalSection(NestedProjects) = preSolution
		{36C0CEA3-2DBC-4A10-9DEE-B1CBEC5BDC42} = {162FDDA5-2544-40B8-A1F8-511679525CCF}
		{162FDDA5-2544-40B8-A1F8-511679525CCF} = {29D8FDB7-520C-4A1A-BFAF-0C3078447D31}
		{37E399E1-2B6F-4363-A54B-69690508FB88} = {29D8FDB7-520C-4A1A-BFAF-0C3078447D31}
		{18FC3F71-ED97-48EB-AF8C-D70AE5490986} = {37E399E1-2B6F-4363-A54B-69690508FB88}
		{4F8B7E4D-1137-4E53-8C05-CB9A4CB2EC29} = {162FDDA5-2544-40B8-A1F8-511679525CCF}
		{67F6FA29-7212-4F48-BA0B-169E8FE3339E} = {37E399E1-2B6F-4363-A54B-69690508FB88}
		{67AE5EE0-6E98-47B3-99BF-1AFFAB5B7C61} = {29D8FDB7-520C-4A1A-BFAF-0C3078447D31}
		{B9E2D2CC-D18E-4E0D-9926-8DACED76F228} = {29D8FDB7-520C-4A1A-BFAF-0C3078447D31}
		{B35AFA8E-A5E2-4BFA-B9BC-04E799896CAB} = {162FDDA5-2544-40B8-A1F8-511679525CCF}
		{74EEE07A-360F-4EB0-809E-36EA328FB55A} = {29D8FDB7-520C-4A1A-BFAF-0C3078447D31}
	EndGlobalSection
	GlobalSection(ExtensibilityGlobals) = postSolution
		SolutionGuid = {E01D5365-332F-4A49-8820-58BFB761EB89}
	EndGlobalSection
EndGlobal
